// !$*UTF8*$!
{
	archiveVersion = 1;
	classes = {
	};
	objectVersion = 46;
	objects = {

/* Begin PBXBuildFile section */
		182DB3FB1B035F3E00FD4514 /* NavigationViewController.swift in Sources */ = {isa = PBXBuildFile; fileRef = 182DB3FA1B035F3E00FD4514 /* NavigationViewController.swift */; };
		182DB4051B036A9000FD4514 /* Beacon.swift in Sources */ = {isa = PBXBuildFile; fileRef = 182DB4001B036A9000FD4514 /* Beacon.swift */; };
		182DB4061B036A9000FD4514 /* Connection.swift in Sources */ = {isa = PBXBuildFile; fileRef = 182DB4011B036A9000FD4514 /* Connection.swift */; };
		182DB4071B036A9000FD4514 /* Entity.swift in Sources */ = {isa = PBXBuildFile; fileRef = 182DB4021B036A9000FD4514 /* Entity.swift */; };
		182DB4081B036A9000FD4514 /* EntityManager.swift in Sources */ = {isa = PBXBuildFile; fileRef = 182DB4031B036A9000FD4514 /* EntityManager.swift */; };
		182DB4091B036A9000FD4514 /* Region.swift in Sources */ = {isa = PBXBuildFile; fileRef = 182DB4041B036A9000FD4514 /* Region.swift */; };
		182DB40C1B036AA900FD4514 /* NavigationManager.swift in Sources */ = {isa = PBXBuildFile; fileRef = 182DB40B1B036AA900FD4514 /* NavigationManager.swift */; };
		182DB40E1B036B3400FD4514 /* LoadViewProtocol.swift in Sources */ = {isa = PBXBuildFile; fileRef = 182DB40D1B036B3400FD4514 /* LoadViewProtocol.swift */; };
		182DB4101B036BDF00FD4514 /* LoadViewController.swift in Sources */ = {isa = PBXBuildFile; fileRef = 182DB40F1B036BDF00FD4514 /* LoadViewController.swift */; };
		182DB4141B03706900FD4514 /* RegionListViewController.swift in Sources */ = {isa = PBXBuildFile; fileRef = 182DB4131B03706900FD4514 /* RegionListViewController.swift */; };
		182DB4161B038D8700FD4514 /* ServerData.plist in Resources */ = {isa = PBXBuildFile; fileRef = 182DB4151B038D8700FD4514 /* ServerData.plist */; };
		182DB4191B038E3300FD4514 /* ServerDataManager.swift in Sources */ = {isa = PBXBuildFile; fileRef = 182DB4181B038E3300FD4514 /* ServerDataManager.swift */; };
		183A07221B08F9EB0070709D /* HereViewController.swift in Sources */ = {isa = PBXBuildFile; fileRef = 183A07211B08F9EB0070709D /* HereViewController.swift */; };
		183A07241B091B470070709D /* LocationAuthorizationStatus.swift in Sources */ = {isa = PBXBuildFile; fileRef = 183A07231B091B470070709D /* LocationAuthorizationStatus.swift */; };
		183A07271B092C3D0070709D /* CoreBluetooth.framework in Frameworks */ = {isa = PBXBuildFile; fileRef = 183A07261B092C3D0070709D /* CoreBluetooth.framework */; };
		183E573D1B09559600F042FC /* LocationUpdateListenerProtocol.swift in Sources */ = {isa = PBXBuildFile; fileRef = 183E573C1B09559600F042FC /* LocationUpdateListenerProtocol.swift */; };
		185FAF621B029D8300E92768 /* AppDelegate.swift in Sources */ = {isa = PBXBuildFile; fileRef = 185FAF611B029D8300E92768 /* AppDelegate.swift */; };
		185FAF691B029D8300E92768 /* Main.storyboard in Resources */ = {isa = PBXBuildFile; fileRef = 185FAF671B029D8300E92768 /* Main.storyboard */; };
		185FAF6B1B029D8300E92768 /* Images.xcassets in Resources */ = {isa = PBXBuildFile; fileRef = 185FAF6A1B029D8300E92768 /* Images.xcassets */; };
		185FAF7A1B029D8300E92768 /* OzUNavigationTests.swift in Sources */ = {isa = PBXBuildFile; fileRef = 185FAF791B029D8300E92768 /* OzUNavigationTests.swift */; };
		185FAF841B029DF600E92768 /* CoreLocation.framework in Frameworks */ = {isa = PBXBuildFile; fileRef = 185FAF831B029DF600E92768 /* CoreLocation.framework */; };
		185FAF861B02A02D00E92768 /* LaunchScreen.xib in Resources */ = {isa = PBXBuildFile; fileRef = 185FAF851B02A02D00E92768 /* LaunchScreen.xib */; };
		1874FFF21B0A164B00168CB4 /* NavigationDirectionViewController.swift in Sources */ = {isa = PBXBuildFile; fileRef = 1874FFF11B0A164B00168CB4 /* NavigationDirectionViewController.swift */; };
		18824FAA1B03A12F00FB80A2 /* RegionImageViewController.swift in Sources */ = {isa = PBXBuildFile; fileRef = 18824FA91B03A12F00FB80A2 /* RegionImageViewController.swift */; };
		18943ECE1B0B7E87005C1823 /* InfoViewController.swift in Sources */ = {isa = PBXBuildFile; fileRef = 18943ECD1B0B7E87005C1823 /* InfoViewController.swift */; };
		18FACE661B08EA410019BF68 /* BeaconManager.swift in Sources */ = {isa = PBXBuildFile; fileRef = 18FACE651B08EA410019BF68 /* BeaconManager.swift */; };
		A457B264CD9A915D67A9B5D7 /* Pods.framework in Frameworks */ = {isa = PBXBuildFile; fileRef = D9C3E9FCEEF1E0745A567EB7 /* Pods.framework */; settings = {ATTRIBUTES = (Weak, ); }; };
/* End PBXBuildFile section */

/* Begin PBXContainerItemProxy section */
		185FAF741B029D8300E92768 /* PBXContainerItemProxy */ = {
			isa = PBXContainerItemProxy;
			containerPortal = 185FAF541B029D8300E92768 /* Project object */;
			proxyType = 1;
			remoteGlobalIDString = 185FAF5B1B029D8300E92768;
			remoteInfo = OzUNavigation;
		};
/* End PBXContainerItemProxy section */

/* Begin PBXFileReference section */
		06D01090A494C568C0FABA9A /* Pods.release.xcconfig */ = {isa = PBXFileReference; includeInIndex = 1; lastKnownFileType = text.xcconfig; name = Pods.release.xcconfig; path = "Pods/Target Support Files/Pods/Pods.release.xcconfig"; sourceTree = "<group>"; };
		182DB3FA1B035F3E00FD4514 /* NavigationViewController.swift */ = {isa = PBXFileReference; fileEncoding = 4; lastKnownFileType = sourcecode.swift; path = NavigationViewController.swift; sourceTree = "<group>"; };
		182DB4001B036A9000FD4514 /* Beacon.swift */ = {isa = PBXFileReference; fileEncoding = 4; lastKnownFileType = sourcecode.swift; path = Beacon.swift; sourceTree = "<group>"; };
		182DB4011B036A9000FD4514 /* Connection.swift */ = {isa = PBXFileReference; fileEncoding = 4; lastKnownFileType = sourcecode.swift; path = Connection.swift; sourceTree = "<group>"; };
		182DB4021B036A9000FD4514 /* Entity.swift */ = {isa = PBXFileReference; fileEncoding = 4; lastKnownFileType = sourcecode.swift; path = Entity.swift; sourceTree = "<group>"; };
		182DB4031B036A9000FD4514 /* EntityManager.swift */ = {isa = PBXFileReference; fileEncoding = 4; lastKnownFileType = sourcecode.swift; path = EntityManager.swift; sourceTree = "<group>"; };
		182DB4041B036A9000FD4514 /* Region.swift */ = {isa = PBXFileReference; fileEncoding = 4; lastKnownFileType = sourcecode.swift; path = Region.swift; sourceTree = "<group>"; };
		182DB40B1B036AA900FD4514 /* NavigationManager.swift */ = {isa = PBXFileReference; fileEncoding = 4; lastKnownFileType = sourcecode.swift; path = NavigationManager.swift; sourceTree = "<group>"; };
		182DB40D1B036B3400FD4514 /* LoadViewProtocol.swift */ = {isa = PBXFileReference; fileEncoding = 4; lastKnownFileType = sourcecode.swift; path = LoadViewProtocol.swift; sourceTree = "<group>"; };
		182DB40F1B036BDF00FD4514 /* LoadViewController.swift */ = {isa = PBXFileReference; fileEncoding = 4; lastKnownFileType = sourcecode.swift; path = LoadViewController.swift; sourceTree = "<group>"; };
		182DB4131B03706900FD4514 /* RegionListViewController.swift */ = {isa = PBXFileReference; fileEncoding = 4; lastKnownFileType = sourcecode.swift; path = RegionListViewController.swift; sourceTree = "<group>"; };
		182DB4151B038D8700FD4514 /* ServerData.plist */ = {isa = PBXFileReference; fileEncoding = 4; lastKnownFileType = text.plist.xml; path = ServerData.plist; sourceTree = "<group>"; };
		182DB4181B038E3300FD4514 /* ServerDataManager.swift */ = {isa = PBXFileReference; fileEncoding = 4; lastKnownFileType = sourcecode.swift; path = ServerDataManager.swift; sourceTree = "<group>"; };
		183A07211B08F9EB0070709D /* HereViewController.swift */ = {isa = PBXFileReference; fileEncoding = 4; lastKnownFileType = sourcecode.swift; path = HereViewController.swift; sourceTree = "<group>"; };
		183A07231B091B470070709D /* LocationAuthorizationStatus.swift */ = {isa = PBXFileReference; fileEncoding = 4; lastKnownFileType = sourcecode.swift; path = LocationAuthorizationStatus.swift; sourceTree = "<group>"; };
		183A07261B092C3D0070709D /* CoreBluetooth.framework */ = {isa = PBXFileReference; lastKnownFileType = wrapper.framework; name = CoreBluetooth.framework; path = System/Library/Frameworks/CoreBluetooth.framework; sourceTree = SDKROOT; };
		183E573C1B09559600F042FC /* LocationUpdateListenerProtocol.swift */ = {isa = PBXFileReference; fileEncoding = 4; lastKnownFileType = sourcecode.swift; path = LocationUpdateListenerProtocol.swift; sourceTree = "<group>"; };
		185FAF5C1B029D8300E92768 /* ÖzÜ Navigation.app */ = {isa = PBXFileReference; explicitFileType = wrapper.application; includeInIndex = 0; path = "ÖzÜ Navigation.app"; sourceTree = BUILT_PRODUCTS_DIR; };
		185FAF601B029D8300E92768 /* Info.plist */ = {isa = PBXFileReference; lastKnownFileType = text.plist.xml; path = Info.plist; sourceTree = "<group>"; };
		185FAF611B029D8300E92768 /* AppDelegate.swift */ = {isa = PBXFileReference; lastKnownFileType = sourcecode.swift; path = AppDelegate.swift; sourceTree = "<group>"; };
		185FAF681B029D8300E92768 /* Base */ = {isa = PBXFileReference; lastKnownFileType = file.storyboard; name = Base; path = Base.lproj/Main.storyboard; sourceTree = "<group>"; };
		185FAF6A1B029D8300E92768 /* Images.xcassets */ = {isa = PBXFileReference; lastKnownFileType = folder.assetcatalog; path = Images.xcassets; sourceTree = "<group>"; };
		185FAF731B029D8300E92768 /* OzUNavigationTests.xctest */ = {isa = PBXFileReference; explicitFileType = wrapper.cfbundle; includeInIndex = 0; path = OzUNavigationTests.xctest; sourceTree = BUILT_PRODUCTS_DIR; };
		185FAF781B029D8300E92768 /* Info.plist */ = {isa = PBXFileReference; lastKnownFileType = text.plist.xml; path = Info.plist; sourceTree = "<group>"; };
		185FAF791B029D8300E92768 /* OzUNavigationTests.swift */ = {isa = PBXFileReference; lastKnownFileType = sourcecode.swift; path = OzUNavigationTests.swift; sourceTree = "<group>"; };
		185FAF831B029DF600E92768 /* CoreLocation.framework */ = {isa = PBXFileReference; lastKnownFileType = wrapper.framework; name = CoreLocation.framework; path = System/Library/Frameworks/CoreLocation.framework; sourceTree = SDKROOT; };
		185FAF851B02A02D00E92768 /* LaunchScreen.xib */ = {isa = PBXFileReference; fileEncoding = 4; lastKnownFileType = file.xib; path = LaunchScreen.xib; sourceTree = "<group>"; };
		1874FFF11B0A164B00168CB4 /* NavigationDirectionViewController.swift */ = {isa = PBXFileReference; fileEncoding = 4; lastKnownFileType = sourcecode.swift; path = NavigationDirectionViewController.swift; sourceTree = "<group>"; };
		18824FA91B03A12F00FB80A2 /* RegionImageViewController.swift */ = {isa = PBXFileReference; fileEncoding = 4; lastKnownFileType = sourcecode.swift; path = RegionImageViewController.swift; sourceTree = "<group>"; };
		18943ECD1B0B7E87005C1823 /* InfoViewController.swift */ = {isa = PBXFileReference; fileEncoding = 4; lastKnownFileType = sourcecode.swift; path = InfoViewController.swift; sourceTree = "<group>"; };
		18FACE651B08EA410019BF68 /* BeaconManager.swift */ = {isa = PBXFileReference; fileEncoding = 4; lastKnownFileType = sourcecode.swift; path = BeaconManager.swift; sourceTree = "<group>"; };
		D9C3E9FCEEF1E0745A567EB7 /* Pods.framework */ = {isa = PBXFileReference; explicitFileType = wrapper.framework; includeInIndex = 0; path = Pods.framework; sourceTree = BUILT_PRODUCTS_DIR; };
		F84AC07107A49161A8584521 /* Pods.debug.xcconfig */ = {isa = PBXFileReference; includeInIndex = 1; lastKnownFileType = text.xcconfig; name = Pods.debug.xcconfig; path = "Pods/Target Support Files/Pods/Pods.debug.xcconfig"; sourceTree = "<group>"; };
/* End PBXFileReference section */

/* Begin PBXFrameworksBuildPhase section */
		185FAF591B029D8300E92768 /* Frameworks */ = {
			isa = PBXFrameworksBuildPhase;
			buildActionMask = 2147483647;
			files = (
				183A07271B092C3D0070709D /* CoreBluetooth.framework in Frameworks */,
				185FAF841B029DF600E92768 /* CoreLocation.framework in Frameworks */,
				A457B264CD9A915D67A9B5D7 /* Pods.framework in Frameworks */,
			);
			runOnlyForDeploymentPostprocessing = 0;
		};
		185FAF701B029D8300E92768 /* Frameworks */ = {
			isa = PBXFrameworksBuildPhase;
			buildActionMask = 2147483647;
			files = (
			);
			runOnlyForDeploymentPostprocessing = 0;
		};
/* End PBXFrameworksBuildPhase section */

/* Begin PBXGroup section */
		182DB3FC1B03646D00FD4514 /* View */ = {
			isa = PBXGroup;
			children = (
				185FAF671B029D8300E92768 /* Main.storyboard */,
				185FAF851B02A02D00E92768 /* LaunchScreen.xib */,
				183A07251B0928010070709D /* Load */,
				182DB3FD1B03647500FD4514 /* Places */,
				183A07201B08F9D90070709D /* Here */,
				182DB3FE1B03649300FD4514 /* Navigate */,
			);
			name = View;
			sourceTree = "<group>";
		};
		182DB3FD1B03647500FD4514 /* Places */ = {
			isa = PBXGroup;
			children = (
				182DB4131B03706900FD4514 /* RegionListViewController.swift */,
				18824FA91B03A12F00FB80A2 /* RegionImageViewController.swift */,
			);
			name = Places;
			sourceTree = "<group>";
		};
		182DB3FE1B03649300FD4514 /* Navigate */ = {
			isa = PBXGroup;
			children = (
				182DB3FA1B035F3E00FD4514 /* NavigationViewController.swift */,
				1874FFF11B0A164B00168CB4 /* NavigationDirectionViewController.swift */,
			);
			name = Navigate;
			sourceTree = "<group>";
		};
		182DB3FF1B036A7000FD4514 /* Entity */ = {
			isa = PBXGroup;
			children = (
				182DB4031B036A9000FD4514 /* EntityManager.swift */,
				182DB4021B036A9000FD4514 /* Entity.swift */,
				182DB4041B036A9000FD4514 /* Region.swift */,
				182DB4001B036A9000FD4514 /* Beacon.swift */,
				182DB4011B036A9000FD4514 /* Connection.swift */,
			);
			name = Entity;
			sourceTree = "<group>";
		};
		182DB40A1B036AA100FD4514 /* Navigation */ = {
			isa = PBXGroup;
			children = (
				182DB40B1B036AA900FD4514 /* NavigationManager.swift */,
				18FACE651B08EA410019BF68 /* BeaconManager.swift */,
				183A07231B091B470070709D /* LocationAuthorizationStatus.swift */,
				183E573C1B09559600F042FC /* LocationUpdateListenerProtocol.swift */,
			);
			name = Navigation;
			sourceTree = "<group>";
		};
		182DB4171B038E1C00FD4514 /* Server Data */ = {
			isa = PBXGroup;
			children = (
				182DB4151B038D8700FD4514 /* ServerData.plist */,
				182DB4181B038E3300FD4514 /* ServerDataManager.swift */,
			);
			name = "Server Data";
			sourceTree = "<group>";
		};
		183A07201B08F9D90070709D /* Here */ = {
			isa = PBXGroup;
			children = (
				183A07211B08F9EB0070709D /* HereViewController.swift */,
				18943ECD1B0B7E87005C1823 /* InfoViewController.swift */,
			);
			name = Here;
			sourceTree = "<group>";
		};
		183A07251B0928010070709D /* Load */ = {
			isa = PBXGroup;
			children = (
				182DB40F1B036BDF00FD4514 /* LoadViewController.swift */,
				182DB40D1B036B3400FD4514 /* LoadViewProtocol.swift */,
			);
			name = Load;
			sourceTree = "<group>";
		};
		185FAF531B029D8300E92768 = {
			isa = PBXGroup;
			children = (
				185FAF831B029DF600E92768 /* CoreLocation.framework */,
				185FAF5E1B029D8300E92768 /* OzUNavigation */,
				185FAF761B029D8300E92768 /* OzUNavigationTests */,
				185FAF5D1B029D8300E92768 /* Products */,
				5EA3A9AD00C6BFA02C1C8402 /* Pods */,
				751488D529B27D0A76FABAA9 /* Frameworks */,
			);
			sourceTree = "<group>";
		};
		185FAF5D1B029D8300E92768 /* Products */ = {
			isa = PBXGroup;
			children = (
				185FAF5C1B029D8300E92768 /* ÖzÜ Navigation.app */,
				185FAF731B029D8300E92768 /* OzUNavigationTests.xctest */,
			);
			name = Products;
			sourceTree = "<group>";
		};
		185FAF5E1B029D8300E92768 /* OzUNavigation */ = {
			isa = PBXGroup;
			children = (
				185FAF611B029D8300E92768 /* AppDelegate.swift */,
				182DB4171B038E1C00FD4514 /* Server Data */,
				182DB3FF1B036A7000FD4514 /* Entity */,
				182DB40A1B036AA100FD4514 /* Navigation */,
				182DB3FC1B03646D00FD4514 /* View */,
				185FAF6A1B029D8300E92768 /* Images.xcassets */,
				185FAF5F1B029D8300E92768 /* Supporting Files */,
			);
			path = OzUNavigation;
			sourceTree = "<group>";
		};
		185FAF5F1B029D8300E92768 /* Supporting Files */ = {
			isa = PBXGroup;
			children = (
				185FAF601B029D8300E92768 /* Info.plist */,
			);
			name = "Supporting Files";
			sourceTree = "<group>";
		};
		185FAF761B029D8300E92768 /* OzUNavigationTests */ = {
			isa = PBXGroup;
			children = (
				185FAF791B029D8300E92768 /* OzUNavigationTests.swift */,
				185FAF771B029D8300E92768 /* Supporting Files */,
			);
			path = OzUNavigationTests;
			sourceTree = "<group>";
		};
		185FAF771B029D8300E92768 /* Supporting Files */ = {
			isa = PBXGroup;
			children = (
				185FAF781B029D8300E92768 /* Info.plist */,
			);
			name = "Supporting Files";
			sourceTree = "<group>";
		};
		5EA3A9AD00C6BFA02C1C8402 /* Pods */ = {
			isa = PBXGroup;
			children = (
				F84AC07107A49161A8584521 /* Pods.debug.xcconfig */,
				06D01090A494C568C0FABA9A /* Pods.release.xcconfig */,
			);
			name = Pods;
			sourceTree = "<group>";
		};
		751488D529B27D0A76FABAA9 /* Frameworks */ = {
			isa = PBXGroup;
			children = (
				183A07261B092C3D0070709D /* CoreBluetooth.framework */,
				D9C3E9FCEEF1E0745A567EB7 /* Pods.framework */,
			);
			name = Frameworks;
			sourceTree = "<group>";
		};
/* End PBXGroup section */

/* Begin PBXNativeTarget section */
		185FAF5B1B029D8300E92768 /* OzUNavigation */ = {
			isa = PBXNativeTarget;
			buildConfigurationList = 185FAF7D1B029D8300E92768 /* Build configuration list for PBXNativeTarget "OzUNavigation" */;
			buildPhases = (
				BC4F3E7AB27EF4300477F76E /* Check Pods Manifest.lock */,
				185FAF581B029D8300E92768 /* Sources */,
				185FAF591B029D8300E92768 /* Frameworks */,
				185FAF5A1B029D8300E92768 /* Resources */,
				C1499F1A5418269494E9657C /* Embed Pods Frameworks */,
				CD59166F53FAC53E87D96650 /* Copy Pods Resources */,
			);
			buildRules = (
			);
			dependencies = (
			);
			name = OzUNavigation;
			productName = OzUNavigation;
			productReference = 185FAF5C1B029D8300E92768 /* ÖzÜ Navigation.app */;
			productType = "com.apple.product-type.application";
		};
		185FAF721B029D8300E92768 /* OzUNavigationTests */ = {
			isa = PBXNativeTarget;
			buildConfigurationList = 185FAF801B029D8300E92768 /* Build configuration list for PBXNativeTarget "OzUNavigationTests" */;
			buildPhases = (
				185FAF6F1B029D8300E92768 /* Sources */,
				185FAF701B029D8300E92768 /* Frameworks */,
				185FAF711B029D8300E92768 /* Resources */,
			);
			buildRules = (
			);
			dependencies = (
				185FAF751B029D8300E92768 /* PBXTargetDependency */,
			);
			name = OzUNavigationTests;
			productName = OzUNavigationTests;
			productReference = 185FAF731B029D8300E92768 /* OzUNavigationTests.xctest */;
			productType = "com.apple.product-type.bundle.unit-test";
		};
/* End PBXNativeTarget section */

/* Begin PBXProject section */
		185FAF541B029D8300E92768 /* Project object */ = {
			isa = PBXProject;
			attributes = {
				LastUpgradeCheck = 0630;
				ORGANIZATIONNAME = "A. Emre Ünal";
				TargetAttributes = {
					185FAF5B1B029D8300E92768 = {
						CreatedOnToolsVersion = 6.3.1;
						DevelopmentTeam = J7979SET2K;
					};
					185FAF721B029D8300E92768 = {
						CreatedOnToolsVersion = 6.3.1;
						TestTargetID = 185FAF5B1B029D8300E92768;
					};
				};
			};
			buildConfigurationList = 185FAF571B029D8300E92768 /* Build configuration list for PBXProject "OzUNavigation" */;
			compatibilityVersion = "Xcode 3.2";
			developmentRegion = English;
			hasScannedForEncodings = 0;
			knownRegions = (
				en,
				Base,
			);
			mainGroup = 185FAF531B029D8300E92768;
			productRefGroup = 185FAF5D1B029D8300E92768 /* Products */;
			projectDirPath = "";
			projectRoot = "";
			targets = (
				185FAF5B1B029D8300E92768 /* OzUNavigation */,
				185FAF721B029D8300E92768 /* OzUNavigationTests */,
			);
		};
/* End PBXProject section */

/* Begin PBXResourcesBuildPhase section */
		185FAF5A1B029D8300E92768 /* Resources */ = {
			isa = PBXResourcesBuildPhase;
			buildActionMask = 2147483647;
			files = (
				185FAF691B029D8300E92768 /* Main.storyboard in Resources */,
				185FAF861B02A02D00E92768 /* LaunchScreen.xib in Resources */,
				185FAF6B1B029D8300E92768 /* Images.xcassets in Resources */,
				182DB4161B038D8700FD4514 /* ServerData.plist in Resources */,
			);
			runOnlyForDeploymentPostprocessing = 0;
		};
		185FAF711B029D8300E92768 /* Resources */ = {
			isa = PBXResourcesBuildPhase;
			buildActionMask = 2147483647;
			files = (
			);
			runOnlyForDeploymentPostprocessing = 0;
		};
/* End PBXResourcesBuildPhase section */

/* Begin PBXShellScriptBuildPhase section */
		BC4F3E7AB27EF4300477F76E /* Check Pods Manifest.lock */ = {
			isa = PBXShellScriptBuildPhase;
			buildActionMask = 2147483647;
			files = (
			);
			inputPaths = (
			);
			name = "Check Pods Manifest.lock";
			outputPaths = (
			);
			runOnlyForDeploymentPostprocessing = 0;
			shellPath = /bin/sh;
			shellScript = "diff \"${PODS_ROOT}/../Podfile.lock\" \"${PODS_ROOT}/Manifest.lock\" > /dev/null\nif [[ $? != 0 ]] ; then\n    cat << EOM\nerror: The sandbox is not in sync with the Podfile.lock. Run 'pod install' or update your CocoaPods installation.\nEOM\n    exit 1\nfi\n";
			showEnvVarsInLog = 0;
		};
		C1499F1A5418269494E9657C /* Embed Pods Frameworks */ = {
			isa = PBXShellScriptBuildPhase;
			buildActionMask = 2147483647;
			files = (
			);
			inputPaths = (
			);
			name = "Embed Pods Frameworks";
			outputPaths = (
			);
			runOnlyForDeploymentPostprocessing = 0;
			shellPath = /bin/sh;
			shellScript = "\"${SRCROOT}/Pods/Target Support Files/Pods/Pods-frameworks.sh\"\n";
			showEnvVarsInLog = 0;
		};
		CD59166F53FAC53E87D96650 /* Copy Pods Resources */ = {
			isa = PBXShellScriptBuildPhase;
			buildActionMask = 2147483647;
			files = (
			);
			inputPaths = (
			);
			name = "Copy Pods Resources";
			outputPaths = (
			);
			runOnlyForDeploymentPostprocessing = 0;
			shellPath = /bin/sh;
			shellScript = "\"${SRCROOT}/Pods/Target Support Files/Pods/Pods-resources.sh\"\n";
			showEnvVarsInLog = 0;
		};
/* End PBXShellScriptBuildPhase section */

/* Begin PBXSourcesBuildPhase section */
		185FAF581B029D8300E92768 /* Sources */ = {
			isa = PBXSourcesBuildPhase;
			buildActionMask = 2147483647;
			files = (
				182DB40E1B036B3400FD4514 /* LoadViewProtocol.swift in Sources */,
				18824FAA1B03A12F00FB80A2 /* RegionImageViewController.swift in Sources */,
				183E573D1B09559600F042FC /* LocationUpdateListenerProtocol.swift in Sources */,
				182DB4081B036A9000FD4514 /* EntityManager.swift in Sources */,
				182DB40C1B036AA900FD4514 /* NavigationManager.swift in Sources */,
				185FAF621B029D8300E92768 /* AppDelegate.swift in Sources */,
				182DB4091B036A9000FD4514 /* Region.swift in Sources */,
				182DB4071B036A9000FD4514 /* Entity.swift in Sources */,
				182DB4101B036BDF00FD4514 /* LoadViewController.swift in Sources */,
				182DB4141B03706900FD4514 /* RegionListViewController.swift in Sources */,
				183A07221B08F9EB0070709D /* HereViewController.swift in Sources */,
				182DB4061B036A9000FD4514 /* Connection.swift in Sources */,
				182DB4191B038E3300FD4514 /* ServerDataManager.swift in Sources */,
				182DB3FB1B035F3E00FD4514 /* NavigationViewController.swift in Sources */,
				182DB4051B036A9000FD4514 /* Beacon.swift in Sources */,
				183A07241B091B470070709D /* LocationAuthorizationStatus.swift in Sources */,
				1874FFF21B0A164B00168CB4 /* NavigationDirectionViewController.swift in Sources */,
				18FACE661B08EA410019BF68 /* BeaconManager.swift in Sources */,
				18943ECE1B0B7E87005C1823 /* InfoViewController.swift in Sources */,
			);
			runOnlyForDeploymentPostprocessing = 0;
		};
		185FAF6F1B029D8300E92768 /* Sources */ = {
			isa = PBXSourcesBuildPhase;
			buildActionMask = 2147483647;
			files = (
				185FAF7A1B029D8300E92768 /* OzUNavigationTests.swift in Sources */,
			);
			runOnlyForDeploymentPostprocessing = 0;
		};
/* End PBXSourcesBuildPhase section */

/* Begin PBXTargetDependency section */
		185FAF751B029D8300E92768 /* PBXTargetDependency */ = {
			isa = PBXTargetDependency;
			target = 185FAF5B1B029D8300E92768 /* OzUNavigation */;
			targetProxy = 185FAF741B029D8300E92768 /* PBXContainerItemProxy */;
		};
/* End PBXTargetDependency section */

/* Begin PBXVariantGroup section */
		185FAF671B029D8300E92768 /* Main.storyboard */ = {
			isa = PBXVariantGroup;
			children = (
				185FAF681B029D8300E92768 /* Base */,
			);
			name = Main.storyboard;
			sourceTree = "<group>";
		};
/* End PBXVariantGroup section */

/* Begin XCBuildConfiguration section */
		185FAF7B1B029D8300E92768 /* Debug */ = {
			isa = XCBuildConfiguration;
			buildSettings = {
				ALWAYS_SEARCH_USER_PATHS = NO;
				CLANG_CXX_LANGUAGE_STANDARD = "gnu++0x";
				CLANG_CXX_LIBRARY = "libc++";
				CLANG_ENABLE_MODULES = YES;
				CLANG_ENABLE_OBJC_ARC = YES;
				CLANG_WARN_BOOL_CONVERSION = YES;
				CLANG_WARN_CONSTANT_CONVERSION = YES;
				CLANG_WARN_DIRECT_OBJC_ISA_USAGE = YES_ERROR;
				CLANG_WARN_EMPTY_BODY = YES;
				CLANG_WARN_ENUM_CONVERSION = YES;
				CLANG_WARN_INT_CONVERSION = YES;
				CLANG_WARN_OBJC_ROOT_CLASS = YES_ERROR;
				CLANG_WARN_UNREACHABLE_CODE = YES;
				CLANG_WARN__DUPLICATE_METHOD_MATCH = YES;
				"CODE_SIGN_IDENTITY[sdk=iphoneos*]" = "iPhone Developer";
				COPY_PHASE_STRIP = NO;
				DEBUG_INFORMATION_FORMAT = "dwarf-with-dsym";
				ENABLE_STRICT_OBJC_MSGSEND = YES;
				GCC_C_LANGUAGE_STANDARD = gnu99;
				GCC_DYNAMIC_NO_PIC = NO;
				GCC_NO_COMMON_BLOCKS = YES;
				GCC_OPTIMIZATION_LEVEL = 0;
				GCC_PREPROCESSOR_DEFINITIONS = (
					"DEBUG=1",
					"$(inherited)",
				);
				GCC_SYMBOLS_PRIVATE_EXTERN = NO;
				GCC_WARN_64_TO_32_BIT_CONVERSION = YES;
				GCC_WARN_ABOUT_RETURN_TYPE = YES_ERROR;
				GCC_WARN_UNDECLARED_SELECTOR = YES;
				GCC_WARN_UNINITIALIZED_AUTOS = YES_AGGRESSIVE;
				GCC_WARN_UNUSED_FUNCTION = YES;
				GCC_WARN_UNUSED_VARIABLE = YES;
				IPHONEOS_DEPLOYMENT_TARGET = 8.3;
				MTL_ENABLE_DEBUG_INFO = YES;
				ONLY_ACTIVE_ARCH = YES;
				SDKROOT = iphoneos;
				SWIFT_OPTIMIZATION_LEVEL = "-Onone";
				TARGETED_DEVICE_FAMILY = "1,2";
			};
			name = Debug;
		};
		185FAF7C1B029D8300E92768 /* Release */ = {
			isa = XCBuildConfiguration;
			buildSettings = {
				ALWAYS_SEARCH_USER_PATHS = NO;
				CLANG_CXX_LANGUAGE_STANDARD = "gnu++0x";
				CLANG_CXX_LIBRARY = "libc++";
				CLANG_ENABLE_MODULES = YES;
				CLANG_ENABLE_OBJC_ARC = YES;
				CLANG_WARN_BOOL_CONVERSION = YES;
				CLANG_WARN_CONSTANT_CONVERSION = YES;
				CLANG_WARN_DIRECT_OBJC_ISA_USAGE = YES_ERROR;
				CLANG_WARN_EMPTY_BODY = YES;
				CLANG_WARN_ENUM_CONVERSION = YES;
				CLANG_WARN_INT_CONVERSION = YES;
				CLANG_WARN_OBJC_ROOT_CLASS = YES_ERROR;
				CLANG_WARN_UNREACHABLE_CODE = YES;
				CLANG_WARN__DUPLICATE_METHOD_MATCH = YES;
				"CODE_SIGN_IDENTITY[sdk=iphoneos*]" = "iPhone Developer";
				COPY_PHASE_STRIP = NO;
				DEBUG_INFORMATION_FORMAT = "dwarf-with-dsym";
				ENABLE_NS_ASSERTIONS = NO;
				ENABLE_STRICT_OBJC_MSGSEND = YES;
				GCC_C_LANGUAGE_STANDARD = gnu99;
				GCC_NO_COMMON_BLOCKS = YES;
				GCC_WARN_64_TO_32_BIT_CONVERSION = YES;
				GCC_WARN_ABOUT_RETURN_TYPE = YES_ERROR;
				GCC_WARN_UNDECLARED_SELECTOR = YES;
				GCC_WARN_UNINITIALIZED_AUTOS = YES_AGGRESSIVE;
				GCC_WARN_UNUSED_FUNCTION = YES;
				GCC_WARN_UNUSED_VARIABLE = YES;
				IPHONEOS_DEPLOYMENT_TARGET = 8.3;
				MTL_ENABLE_DEBUG_INFO = NO;
				SDKROOT = iphoneos;
				TARGETED_DEVICE_FAMILY = "1,2";
				VALIDATE_PRODUCT = YES;
			};
			name = Release;
		};
		185FAF7E1B029D8300E92768 /* Debug */ = {
			isa = XCBuildConfiguration;
			baseConfigurationReference = F84AC07107A49161A8584521 /* Pods.debug.xcconfig */;
			buildSettings = {
				ASSETCATALOG_COMPILER_APPICON_NAME = AppIcon;
				CODE_SIGN_IDENTITY = "iPhone Developer";
				INFOPLIST_FILE = OzUNavigation/Info.plist;
				LD_RUNPATH_SEARCH_PATHS = "$(inherited) @executable_path/Frameworks";
				PRODUCT_NAME = "ÖzÜ Navigation";
			};
			name = Debug;
		};
		185FAF7F1B029D8300E92768 /* Release */ = {
			isa = XCBuildConfiguration;
			baseConfigurationReference = 06D01090A494C568C0FABA9A /* Pods.release.xcconfig */;
			buildSettings = {
				ASSETCATALOG_COMPILER_APPICON_NAME = AppIcon;
				CODE_SIGN_IDENTITY = "iPhone Developer";
				INFOPLIST_FILE = OzUNavigation/Info.plist;
				LD_RUNPATH_SEARCH_PATHS = "$(inherited) @executable_path/Frameworks";
				PRODUCT_NAME = "ÖzÜ Navigation";
			};
			name = Release;
		};
		185FAF811B029D8300E92768 /* Debug */ = {
			isa = XCBuildConfiguration;
			buildSettings = {
				BUNDLE_LOADER = "$(TEST_HOST)";
				FRAMEWORK_SEARCH_PATHS = (
					"$(SDKROOT)/Developer/Library/Frameworks",
					"$(inherited)",
				);
				GCC_PREPROCESSOR_DEFINITIONS = (
					"DEBUG=1",
					"$(inherited)",
				);
				INFOPLIST_FILE = OzUNavigationTests/Info.plist;
				LD_RUNPATH_SEARCH_PATHS = "$(inherited) @executable_path/Frameworks @loader_path/Frameworks";
				PRODUCT_NAME = "$(TARGET_NAME)";
				TEST_HOST = "$(BUILT_PRODUCTS_DIR)/ÖzÜ Navigation.app/ÖzÜ Navigation";
			};
			name = Debug;
		};
		185FAF821B029D8300E92768 /* Release */ = {
			isa = XCBuildConfiguration;
			buildSettings = {
				BUNDLE_LOADER = "$(TEST_HOST)";
				FRAMEWORK_SEARCH_PATHS = (
					"$(SDKROOT)/Developer/Library/Frameworks",
					"$(inherited)",
				);
				INFOPLIST_FILE = OzUNavigationTests/Info.plist;
				LD_RUNPATH_SEARCH_PATHS = "$(inherited) @executable_path/Frameworks @loader_path/Frameworks";
				PRODUCT_NAME = "$(TARGET_NAME)";
				TEST_HOST = "$(BUILT_PRODUCTS_DIR)/ÖzÜ Navigation.app/ÖzÜ Navigation";
			};
			name = Release;
		};
/* End XCBuildConfiguration section */

/* Begin XCConfigurationList section */
		185FAF571B029D8300E92768 /* Build configuration list for PBXProject "OzUNavigation" */ = {
			isa = XCConfigurationList;
			buildConfigurations = (
				185FAF7B1B029D8300E92768 /* Debug */,
				185FAF7C1B029D8300E92768 /* Release */,
			);
			defaultConfigurationIsVisible = 0;
			defaultConfigurationName = Release;
		};
		185FAF7D1B029D8300E92768 /* Build configuration list for PBXNativeTarget "OzUNavigation" */ = {
			isa = XCConfigurationList;
			buildConfigurations = (
				185FAF7E1B029D8300E92768 /* Debug */,
				185FAF7F1B029D8300E92768 /* Release */,
			);
			defaultConfigurationIsVisible = 0;
			defaultConfigurationName = Release;
		};
		185FAF801B029D8300E92768 /* Build configuration list for PBXNativeTarget "OzUNavigationTests" */ = {
			isa = XCConfigurationList;
			buildConfigurations = (
				185FAF811B029D8300E92768 /* Debug */,
				185FAF821B029D8300E92768 /* Release */,
			);
			defaultConfigurationIsVisible = 0;
			defaultConfigurationName = Release;
		};
/* End XCConfigurationList section */
	};
	rootObject = 185FAF541B029D8300E92768 /* Project object */;
}
